
Microsoft Visual Studio Solution File, Format Version 12.00
# Visual Studio Version 17
VisualStudioVersion = 17.4.33122.133
MinimumVisualStudioVersion = 10.0.40219.1
Project("{FAE04EC0-301F-11D3-BF4B-00C04F79EFBC}") = "BackendClasses", "BackendClasses\BackendClasses.csproj", "{19766590-78B6-48D4-931B-4EC5161CBA1D}"
EndProject
Global
	GlobalSection(SolutionConfigurationPlatforms) = preSolution
		Debug|Any CPU = Debug|Any CPU
		Release|Any CPU = Release|Any CPU
	EndGlobalSection
	GlobalSection(ProjectConfigurationPlatforms) = postSolution
		{19766590-78B6-48D4-931B-4EC5161CBA1D}.Debug|Any CPU.ActiveCfg = Debug|Any CPU
		{19766590-78B6-48D4-931B-4EC5161CBA1D}.Debug|Any CPU.Build.0 = Debug|Any CPU
		{19766590-78B6-48D4-931B-4EC5161CBA1D}.Release|Any CPU.ActiveCfg = Release|Any CPU
		{19766590-78B6-48D4-931B-4EC5161CBA1D}.Release|Any CPU.Build.0 = Release|Any CPU
	EndGlobalSection
	GlobalSection(SolutionProperties) = preSolution
		HideSolutionNode = FALSE
	EndGlobalSection
	GlobalSection(ExtensibilityGlobals) = postSolution
		SolutionGuid = {31A12DE9-B110-4803-95E4-0C540AC896A5}
	EndGlobalSection
EndGlobal
